// !$*UTF8*$!
{
	archiveVersion = 1;
	classes = {
	};
	objectVersion = 46;
	objects = {

/* Begin PBXBuildFile section */
		A2AB934825F990D4F3693FC7 /* Pods_WorkFlowUITests.framework in Frameworks */ = {isa = PBXBuildFile; fileRef = 81BADABEB6E60BDDBE53F4B9 /* Pods_WorkFlowUITests.framework */; };
		B8A3A4A36B3D259150379EDE /* Pods_WorkFlowTests.framework in Frameworks */ = {isa = PBXBuildFile; fileRef = A88414E0CB77FDEC7AFDD817 /* Pods_WorkFlowTests.framework */; };
		BA1397D91E5C2ACF00DB3710 /* WorkFlowListViewController.swift in Sources */ = {isa = PBXBuildFile; fileRef = BA1397D81E5C2ACF00DB3710 /* WorkFlowListViewController.swift */; };
		BA1397DB1E5C30F800DB3710 /* RegisterViewController.swift in Sources */ = {isa = PBXBuildFile; fileRef = BA1397DA1E5C30F800DB3710 /* RegisterViewController.swift */; };
		BA1397DD1E5C331E00DB3710 /* LoginViewController.swift in Sources */ = {isa = PBXBuildFile; fileRef = BA1397DC1E5C331E00DB3710 /* LoginViewController.swift */; };
		BA1397E01E5C37BB00DB3710 /* WorkFlowApi.swift in Sources */ = {isa = PBXBuildFile; fileRef = BA1397DF1E5C37BB00DB3710 /* WorkFlowApi.swift */; };
		BA1397E21E5C3FA900DB3710 /* AlamofireManager.swift in Sources */ = {isa = PBXBuildFile; fileRef = BA1397E11E5C3FA900DB3710 /* AlamofireManager.swift */; };
		BA1397E41E5C4EDA00DB3710 /* Utility.swift in Sources */ = {isa = PBXBuildFile; fileRef = BA1397E31E5C4EDA00DB3710 /* Utility.swift */; };
		BA1397E61E5CC1BD00DB3710 /* WorkFlowModel.swift in Sources */ = {isa = PBXBuildFile; fileRef = BA1397E51E5CC1BD00DB3710 /* WorkFlowModel.swift */; };
		BA1397E91E5CC45900DB3710 /* SSRadioButtonsController.swift in Sources */ = {isa = PBXBuildFile; fileRef = BA1397E71E5CC45900DB3710 /* SSRadioButtonsController.swift */; };
		BA1397EA1E5CC45900DB3710 /* SSRadioButton.swift in Sources */ = {isa = PBXBuildFile; fileRef = BA1397E81E5CC45900DB3710 /* SSRadioButton.swift */; };
		BA7B88591E5C119300F836D9 /* AppDelegate.swift in Sources */ = {isa = PBXBuildFile; fileRef = BA7B88581E5C119300F836D9 /* AppDelegate.swift */; };
		BA7B885B1E5C119300F836D9 /* CreateWorkFlowViewController.swift in Sources */ = {isa = PBXBuildFile; fileRef = BA7B885A1E5C119300F836D9 /* CreateWorkFlowViewController.swift */; };
		BA7B885E1E5C119300F836D9 /* Main.storyboard in Resources */ = {isa = PBXBuildFile; fileRef = BA7B885C1E5C119300F836D9 /* Main.storyboard */; };
		BA7B88601E5C119300F836D9 /* Assets.xcassets in Resources */ = {isa = PBXBuildFile; fileRef = BA7B885F1E5C119300F836D9 /* Assets.xcassets */; };
		BA7B88631E5C119300F836D9 /* LaunchScreen.storyboard in Resources */ = {isa = PBXBuildFile; fileRef = BA7B88611E5C119300F836D9 /* LaunchScreen.storyboard */; };
		BA7B886E1E5C119400F836D9 /* WorkFlowTests.swift in Sources */ = {isa = PBXBuildFile; fileRef = BA7B886D1E5C119400F836D9 /* WorkFlowTests.swift */; };
		BA7B88791E5C119400F836D9 /* WorkFlowUITests.swift in Sources */ = {isa = PBXBuildFile; fileRef = BA7B88781E5C119400F836D9 /* WorkFlowUITests.swift */; };
		D70CBC784D907F0C7D413271 /* Pods_WorkFlow.framework in Frameworks */ = {isa = PBXBuildFile; fileRef = 0EB1FADA614B2AC8150A403C /* Pods_WorkFlow.framework */; };
/* End PBXBuildFile section */

/* Begin PBXContainerItemProxy section */
		BA7B886A1E5C119400F836D9 /* PBXContainerItemProxy */ = {
			isa = PBXContainerItemProxy;
			containerPortal = BA7B884D1E5C119300F836D9 /* Project object */;
			proxyType = 1;
			remoteGlobalIDString = BA7B88541E5C119300F836D9;
			remoteInfo = WorkFlow;
		};
		BA7B88751E5C119400F836D9 /* PBXContainerItemProxy */ = {
			isa = PBXContainerItemProxy;
			containerPortal = BA7B884D1E5C119300F836D9 /* Project object */;
			proxyType = 1;
			remoteGlobalIDString = BA7B88541E5C119300F836D9;
			remoteInfo = WorkFlow;
		};
/* End PBXContainerItemProxy section */

/* Begin PBXFileReference section */
		0EB1FADA614B2AC8150A403C /* Pods_WorkFlow.framework */ = {isa = PBXFileReference; explicitFileType = wrapper.framework; includeInIndex = 0; path = Pods_WorkFlow.framework; sourceTree = BUILT_PRODUCTS_DIR; };
		5937B1B6239024FC3BBEC66D /* Pods-WorkFlowTests.release.xcconfig */ = {isa = PBXFileReference; includeInIndex = 1; lastKnownFileType = text.xcconfig; name = "Pods-WorkFlowTests.release.xcconfig"; path = "Pods/Target Support Files/Pods-WorkFlowTests/Pods-WorkFlowTests.release.xcconfig"; sourceTree = "<group>"; };
		81BADABEB6E60BDDBE53F4B9 /* Pods_WorkFlowUITests.framework */ = {isa = PBXFileReference; explicitFileType = wrapper.framework; includeInIndex = 0; path = Pods_WorkFlowUITests.framework; sourceTree = BUILT_PRODUCTS_DIR; };
		8C1121FA35A955C6082AAE5C /* Pods-WorkFlow.debug.xcconfig */ = {isa = PBXFileReference; includeInIndex = 1; lastKnownFileType = text.xcconfig; name = "Pods-WorkFlow.debug.xcconfig"; path = "Pods/Target Support Files/Pods-WorkFlow/Pods-WorkFlow.debug.xcconfig"; sourceTree = "<group>"; };
		A88414E0CB77FDEC7AFDD817 /* Pods_WorkFlowTests.framework */ = {isa = PBXFileReference; explicitFileType = wrapper.framework; includeInIndex = 0; path = Pods_WorkFlowTests.framework; sourceTree = BUILT_PRODUCTS_DIR; };
		A9823E036770FD3062CBB2CA /* Pods-WorkFlowUITests.release.xcconfig */ = {isa = PBXFileReference; includeInIndex = 1; lastKnownFileType = text.xcconfig; name = "Pods-WorkFlowUITests.release.xcconfig"; path = "Pods/Target Support Files/Pods-WorkFlowUITests/Pods-WorkFlowUITests.release.xcconfig"; sourceTree = "<group>"; };
		B0AD140B42E7F2FA20D39137 /* Pods-WorkFlowUITests.debug.xcconfig */ = {isa = PBXFileReference; includeInIndex = 1; lastKnownFileType = text.xcconfig; name = "Pods-WorkFlowUITests.debug.xcconfig"; path = "Pods/Target Support Files/Pods-WorkFlowUITests/Pods-WorkFlowUITests.debug.xcconfig"; sourceTree = "<group>"; };
		BA1397D81E5C2ACF00DB3710 /* WorkFlowListViewController.swift */ = {isa = PBXFileReference; fileEncoding = 4; lastKnownFileType = sourcecode.swift; path = WorkFlowListViewController.swift; sourceTree = "<group>"; };
		BA1397DA1E5C30F800DB3710 /* RegisterViewController.swift */ = {isa = PBXFileReference; fileEncoding = 4; lastKnownFileType = sourcecode.swift; path = RegisterViewController.swift; sourceTree = "<group>"; };
		BA1397DC1E5C331E00DB3710 /* LoginViewController.swift */ = {isa = PBXFileReference; fileEncoding = 4; lastKnownFileType = sourcecode.swift; path = LoginViewController.swift; sourceTree = "<group>"; };
		BA1397DF1E5C37BB00DB3710 /* WorkFlowApi.swift */ = {isa = PBXFileReference; fileEncoding = 4; lastKnownFileType = sourcecode.swift; path = WorkFlowApi.swift; sourceTree = "<group>"; };
		BA1397E11E5C3FA900DB3710 /* AlamofireManager.swift */ = {isa = PBXFileReference; fileEncoding = 4; lastKnownFileType = sourcecode.swift; path = AlamofireManager.swift; sourceTree = "<group>"; };
		BA1397E31E5C4EDA00DB3710 /* Utility.swift */ = {isa = PBXFileReference; fileEncoding = 4; lastKnownFileType = sourcecode.swift; path = Utility.swift; sourceTree = "<group>"; };
		BA1397E51E5CC1BD00DB3710 /* WorkFlowModel.swift */ = {isa = PBXFileReference; fileEncoding = 4; lastKnownFileType = sourcecode.swift; path = WorkFlowModel.swift; sourceTree = "<group>"; };
		BA1397E71E5CC45900DB3710 /* SSRadioButtonsController.swift */ = {isa = PBXFileReference; fileEncoding = 4; lastKnownFileType = sourcecode.swift; path = SSRadioButtonsController.swift; sourceTree = "<group>"; };
		BA1397E81E5CC45900DB3710 /* SSRadioButton.swift */ = {isa = PBXFileReference; fileEncoding = 4; lastKnownFileType = sourcecode.swift; path = SSRadioButton.swift; sourceTree = "<group>"; };
		BA7B88551E5C119300F836D9 /* WorkFlow.app */ = {isa = PBXFileReference; explicitFileType = wrapper.application; includeInIndex = 0; path = WorkFlow.app; sourceTree = BUILT_PRODUCTS_DIR; };
		BA7B88581E5C119300F836D9 /* AppDelegate.swift */ = {isa = PBXFileReference; lastKnownFileType = sourcecode.swift; path = AppDelegate.swift; sourceTree = "<group>"; };
		BA7B885A1E5C119300F836D9 /* CreateWorkFlowViewController.swift */ = {isa = PBXFileReference; lastKnownFileType = sourcecode.swift; path = CreateWorkFlowViewController.swift; sourceTree = "<group>"; };
		BA7B885D1E5C119300F836D9 /* Base */ = {isa = PBXFileReference; lastKnownFileType = file.storyboard; name = Base; path = Base.lproj/Main.storyboard; sourceTree = "<group>"; };
		BA7B885F1E5C119300F836D9 /* Assets.xcassets */ = {isa = PBXFileReference; lastKnownFileType = folder.assetcatalog; path = Assets.xcassets; sourceTree = "<group>"; };
		BA7B88621E5C119300F836D9 /* Base */ = {isa = PBXFileReference; lastKnownFileType = file.storyboard; name = Base; path = Base.lproj/LaunchScreen.storyboard; sourceTree = "<group>"; };
		BA7B88641E5C119300F836D9 /* Info.plist */ = {isa = PBXFileReference; lastKnownFileType = text.plist.xml; path = Info.plist; sourceTree = "<group>"; };
		BA7B88691E5C119400F836D9 /* WorkFlowTests.xctest */ = {isa = PBXFileReference; explicitFileType = wrapper.cfbundle; includeInIndex = 0; path = WorkFlowTests.xctest; sourceTree = BUILT_PRODUCTS_DIR; };
		BA7B886D1E5C119400F836D9 /* WorkFlowTests.swift */ = {isa = PBXFileReference; lastKnownFileType = sourcecode.swift; path = WorkFlowTests.swift; sourceTree = "<group>"; };
		BA7B886F1E5C119400F836D9 /* Info.plist */ = {isa = PBXFileReference; lastKnownFileType = text.plist.xml; path = Info.plist; sourceTree = "<group>"; };
		BA7B88741E5C119400F836D9 /* WorkFlowUITests.xctest */ = {isa = PBXFileReference; explicitFileType = wrapper.cfbundle; includeInIndex = 0; path = WorkFlowUITests.xctest; sourceTree = BUILT_PRODUCTS_DIR; };
		BA7B88781E5C119400F836D9 /* WorkFlowUITests.swift */ = {isa = PBXFileReference; lastKnownFileType = sourcecode.swift; path = WorkFlowUITests.swift; sourceTree = "<group>"; };
		BA7B887A1E5C119400F836D9 /* Info.plist */ = {isa = PBXFileReference; lastKnownFileType = text.plist.xml; path = Info.plist; sourceTree = "<group>"; };
		CDC27C6E9313A82204849702 /* Pods-WorkFlowTests.debug.xcconfig */ = {isa = PBXFileReference; includeInIndex = 1; lastKnownFileType = text.xcconfig; name = "Pods-WorkFlowTests.debug.xcconfig"; path = "Pods/Target Support Files/Pods-WorkFlowTests/Pods-WorkFlowTests.debug.xcconfig"; sourceTree = "<group>"; };
		F4990EDB5A99039D7D10946E /* Pods-WorkFlow.release.xcconfig */ = {isa = PBXFileReference; includeInIndex = 1; lastKnownFileType = text.xcconfig; name = "Pods-WorkFlow.release.xcconfig"; path = "Pods/Target Support Files/Pods-WorkFlow/Pods-WorkFlow.release.xcconfig"; sourceTree = "<group>"; };
/* End PBXFileReference section */

/* Begin PBXFrameworksBuildPhase section */
		BA7B88521E5C119300F836D9 /* Frameworks */ = {
			isa = PBXFrameworksBuildPhase;
			buildActionMask = 2147483647;
			files = (
				D70CBC784D907F0C7D413271 /* Pods_WorkFlow.framework in Frameworks */,
			);
			runOnlyForDeploymentPostprocessing = 0;
		};
		BA7B88661E5C119400F836D9 /* Frameworks */ = {
			isa = PBXFrameworksBuildPhase;
			buildActionMask = 2147483647;
			files = (
				B8A3A4A36B3D259150379EDE /* Pods_WorkFlowTests.framework in Frameworks */,
			);
			runOnlyForDeploymentPostprocessing = 0;
		};
		BA7B88711E5C119400F836D9 /* Frameworks */ = {
			isa = PBXFrameworksBuildPhase;
			buildActionMask = 2147483647;
			files = (
				A2AB934825F990D4F3693FC7 /* Pods_WorkFlowUITests.framework in Frameworks */,
			);
			runOnlyForDeploymentPostprocessing = 0;
		};
/* End PBXFrameworksBuildPhase section */

/* Begin PBXGroup section */
		9DFB2436D9A9CD89EF590F2A /* Pods */ = {
			isa = PBXGroup;
			children = (
				8C1121FA35A955C6082AAE5C /* Pods-WorkFlow.debug.xcconfig */,
				F4990EDB5A99039D7D10946E /* Pods-WorkFlow.release.xcconfig */,
				CDC27C6E9313A82204849702 /* Pods-WorkFlowTests.debug.xcconfig */,
				5937B1B6239024FC3BBEC66D /* Pods-WorkFlowTests.release.xcconfig */,
				B0AD140B42E7F2FA20D39137 /* Pods-WorkFlowUITests.debug.xcconfig */,
				A9823E036770FD3062CBB2CA /* Pods-WorkFlowUITests.release.xcconfig */,
			);
			name = Pods;
			sourceTree = "<group>";
		};
		BA1397DE1E5C379A00DB3710 /* Constants */ = {
			isa = PBXGroup;
			children = (
				BA1397DF1E5C37BB00DB3710 /* WorkFlowApi.swift */,
				BA1397E31E5C4EDA00DB3710 /* Utility.swift */,
			);
			name = Constants;
			sourceTree = "<group>";
		};
		BA1397EB1E5CD47500DB3710 /* External */ = {
			isa = PBXGroup;
			children = (
				BA1397E71E5CC45900DB3710 /* SSRadioButtonsController.swift */,
				BA1397E81E5CC45900DB3710 /* SSRadioButton.swift */,
			);
			name = External;
			sourceTree = "<group>";
		};
		BA7B884C1E5C119300F836D9 = {
			isa = PBXGroup;
			children = (
				BA7B88571E5C119300F836D9 /* WorkFlow */,
				BA7B886C1E5C119400F836D9 /* WorkFlowTests */,
				BA7B88771E5C119400F836D9 /* WorkFlowUITests */,
				BA7B88561E5C119300F836D9 /* Products */,
				9DFB2436D9A9CD89EF590F2A /* Pods */,
				C538E5CC88B462AAD79F2975 /* Frameworks */,
			);
			sourceTree = "<group>";
		};
		BA7B88561E5C119300F836D9 /* Products */ = {
			isa = PBXGroup;
			children = (
				BA7B88551E5C119300F836D9 /* WorkFlow.app */,
				BA7B88691E5C119400F836D9 /* WorkFlowTests.xctest */,
				BA7B88741E5C119400F836D9 /* WorkFlowUITests.xctest */,
			);
			name = Products;
			sourceTree = "<group>";
		};
		BA7B88571E5C119300F836D9 /* WorkFlow */ = {
			isa = PBXGroup;
			children = (
				BA1397DE1E5C379A00DB3710 /* Constants */,
				BAE2897F1E5D1B12002958CB /* Manager */,
				BA1397EB1E5CD47500DB3710 /* External */,
				BA1397DC1E5C331E00DB3710 /* LoginViewController.swift */,
				BA1397DA1E5C30F800DB3710 /* RegisterViewController.swift */,
				BA7B88581E5C119300F836D9 /* AppDelegate.swift */,
				BA1397D81E5C2ACF00DB3710 /* WorkFlowListViewController.swift */,
				BA7B885A1E5C119300F836D9 /* CreateWorkFlowViewController.swift */,
				BA7B885C1E5C119300F836D9 /* Main.storyboard */,
				BA7B885F1E5C119300F836D9 /* Assets.xcassets */,
				BA7B88611E5C119300F836D9 /* LaunchScreen.storyboard */,
				BA7B88641E5C119300F836D9 /* Info.plist */,
				BA1397E51E5CC1BD00DB3710 /* WorkFlowModel.swift */,
			);
			path = WorkFlow;
			sourceTree = "<group>";
		};
		BA7B886C1E5C119400F836D9 /* WorkFlowTests */ = {
			isa = PBXGroup;
			children = (
				BA7B886D1E5C119400F836D9 /* WorkFlowTests.swift */,
				BA7B886F1E5C119400F836D9 /* Info.plist */,
			);
			path = WorkFlowTests;
			sourceTree = "<group>";
		};
		BA7B88771E5C119400F836D9 /* WorkFlowUITests */ = {
			isa = PBXGroup;
			children = (
				BA7B88781E5C119400F836D9 /* WorkFlowUITests.swift */,
				BA7B887A1E5C119400F836D9 /* Info.plist */,
			);
			path = WorkFlowUITests;
			sourceTree = "<group>";
		};
		BAE2897F1E5D1B12002958CB /* Manager */ = {
			isa = PBXGroup;
			children = (
				BA1397E11E5C3FA900DB3710 /* AlamofireManager.swift */,
			);
			name = Manager;
			sourceTree = "<group>";
		};
		C538E5CC88B462AAD79F2975 /* Frameworks */ = {
			isa = PBXGroup;
			children = (
				0EB1FADA614B2AC8150A403C /* Pods_WorkFlow.framework */,
				A88414E0CB77FDEC7AFDD817 /* Pods_WorkFlowTests.framework */,
				81BADABEB6E60BDDBE53F4B9 /* Pods_WorkFlowUITests.framework */,
			);
			name = Frameworks;
			sourceTree = "<group>";
		};
/* End PBXGroup section */

/* Begin PBXNativeTarget section */
		BA7B88541E5C119300F836D9 /* WorkFlow */ = {
			isa = PBXNativeTarget;
			buildConfigurationList = BA7B887D1E5C119400F836D9 /* Build configuration list for PBXNativeTarget "WorkFlow" */;
			buildPhases = (
				0106DBCB5B5361E4F84D3BB4 /* [CP] Check Pods Manifest.lock */,
				BA7B88511E5C119300F836D9 /* Sources */,
				BA7B88521E5C119300F836D9 /* Frameworks */,
				BA7B88531E5C119300F836D9 /* Resources */,
				BA9BD70553DD5DECB984EB89 /* [CP] Embed Pods Frameworks */,
				8FBAC6EB5E640FD049888731 /* [CP] Copy Pods Resources */,
			);
			buildRules = (
			);
			dependencies = (
			);
			name = WorkFlow;
			productName = WorkFlow;
			productReference = BA7B88551E5C119300F836D9 /* WorkFlow.app */;
			productType = "com.apple.product-type.application";
		};
		BA7B88681E5C119400F836D9 /* WorkFlowTests */ = {
			isa = PBXNativeTarget;
			buildConfigurationList = BA7B88801E5C119400F836D9 /* Build configuration list for PBXNativeTarget "WorkFlowTests" */;
			buildPhases = (
				AD592CEA361E70D639D94BD0 /* [CP] Check Pods Manifest.lock */,
				BA7B88651E5C119400F836D9 /* Sources */,
				BA7B88661E5C119400F836D9 /* Frameworks */,
				BA7B88671E5C119400F836D9 /* Resources */,
				D967B3F74066ADAF098A4012 /* [CP] Embed Pods Frameworks */,
				58288DE6EBA16716FF254901 /* [CP] Copy Pods Resources */,
			);
			buildRules = (
			);
			dependencies = (
				BA7B886B1E5C119400F836D9 /* PBXTargetDependency */,
			);
			name = WorkFlowTests;
			productName = WorkFlowTests;
			productReference = BA7B88691E5C119400F836D9 /* WorkFlowTests.xctest */;
			productType = "com.apple.product-type.bundle.unit-test";
		};
		BA7B88731E5C119400F836D9 /* WorkFlowUITests */ = {
			isa = PBXNativeTarget;
			buildConfigurationList = BA7B88831E5C119400F836D9 /* Build configuration list for PBXNativeTarget "WorkFlowUITests" */;
			buildPhases = (
				FF0F7B84FD40FF0FE77C6274 /* [CP] Check Pods Manifest.lock */,
				BA7B88701E5C119400F836D9 /* Sources */,
				BA7B88711E5C119400F836D9 /* Frameworks */,
				BA7B88721E5C119400F836D9 /* Resources */,
				0D245AA3313097CF60DF1091 /* [CP] Copy Pods Resources */,
			);
			buildRules = (
			);
			dependencies = (
				BA7B88761E5C119400F836D9 /* PBXTargetDependency */,
			);
			name = WorkFlowUITests;
			productName = WorkFlowUITests;
			productReference = BA7B88741E5C119400F836D9 /* WorkFlowUITests.xctest */;
			productType = "com.apple.product-type.bundle.ui-testing";
		};
/* End PBXNativeTarget section */

/* Begin PBXProject section */
		BA7B884D1E5C119300F836D9 /* Project object */ = {
			isa = PBXProject;
			attributes = {
				LastSwiftUpdateCheck = 0820;
				LastUpgradeCheck = 0820;
				ORGANIZATIONNAME = "Yogesh Bhatt";
				TargetAttributes = {
					BA7B88541E5C119300F836D9 = {
						CreatedOnToolsVersion = 8.2.1;
						ProvisioningStyle = Automatic;
					};
					BA7B88681E5C119400F836D9 = {
						CreatedOnToolsVersion = 8.2.1;
						ProvisioningStyle = Automatic;
						TestTargetID = BA7B88541E5C119300F836D9;
					};
					BA7B88731E5C119400F836D9 = {
						CreatedOnToolsVersion = 8.2.1;
						ProvisioningStyle = Automatic;
						TestTargetID = BA7B88541E5C119300F836D9;
					};
				};
			};
			buildConfigurationList = BA7B88501E5C119300F836D9 /* Build configuration list for PBXProject "WorkFlow" */;
			compatibilityVersion = "Xcode 3.2";
			developmentRegion = English;
			hasScannedForEncodings = 0;
			knownRegions = (
				en,
				Base,
			);
			mainGroup = BA7B884C1E5C119300F836D9;
			productRefGroup = BA7B88561E5C119300F836D9 /* Products */;
			projectDirPath = "";
			projectRoot = "";
			targets = (
				BA7B88541E5C119300F836D9 /* WorkFlow */,
				BA7B88681E5C119400F836D9 /* WorkFlowTests */,
				BA7B88731E5C119400F836D9 /* WorkFlowUITests */,
			);
		};
/* End PBXProject section */

/* Begin PBXResourcesBuildPhase section */
		BA7B88531E5C119300F836D9 /* Resources */ = {
			isa = PBXResourcesBuildPhase;
			buildActionMask = 2147483647;
			files = (
				BA7B88631E5C119300F836D9 /* LaunchScreen.storyboard in Resources */,
				BA7B88601E5C119300F836D9 /* Assets.xcassets in Resources */,
				BA7B885E1E5C119300F836D9 /* Main.storyboard in Resources */,
			);
			runOnlyForDeploymentPostprocessing = 0;
		};
		BA7B88671E5C119400F836D9 /* Resources */ = {
			isa = PBXResourcesBuildPhase;
			buildActionMask = 2147483647;
			files = (
			);
			runOnlyForDeploymentPostprocessing = 0;
		};
		BA7B88721E5C119400F836D9 /* Resources */ = {
			isa = PBXResourcesBuildPhase;
			buildActionMask = 2147483647;
			files = (
			);
			runOnlyForDeploymentPostprocessing = 0;
		};
/* End PBXResourcesBuildPhase section */

/* Begin PBXShellScriptBuildPhase section */
		0106DBCB5B5361E4F84D3BB4 /* [CP] Check Pods Manifest.lock */ = {
			isa = PBXShellScriptBuildPhase;
			buildActionMask = 2147483647;
			files = (
			);
			inputPaths = (
			);
			name = "[CP] Check Pods Manifest.lock";
			outputPaths = (
			);
			runOnlyForDeploymentPostprocessing = 0;
			shellPath = /bin/sh;
			shellScript = "diff \"${PODS_ROOT}/../Podfile.lock\" \"${PODS_ROOT}/Manifest.lock\" > /dev/null\nif [[ $? != 0 ]] ; then\n    cat << EOM\nerror: The sandbox is not in sync with the Podfile.lock. Run 'pod install' or update your CocoaPods installation.\nEOM\n    exit 1\nfi\n";
			showEnvVarsInLog = 0;
		};
		0D245AA3313097CF60DF1091 /* [CP] Copy Pods Resources */ = {
			isa = PBXShellScriptBuildPhase;
			buildActionMask = 2147483647;
			files = (
			);
			inputPaths = (
			);
			name = "[CP] Copy Pods Resources";
			outputPaths = (
			);
			runOnlyForDeploymentPostprocessing = 0;
			shellPath = /bin/sh;
			shellScript = "\"${SRCROOT}/Pods/Target Support Files/Pods-WorkFlowUITests/Pods-WorkFlowUITests-resources.sh\"\n";
			showEnvVarsInLog = 0;
		};
		58288DE6EBA16716FF254901 /* [CP] Copy Pods Resources */ = {
			isa = PBXShellScriptBuildPhase;
			buildActionMask = 2147483647;
			files = (
			);
			inputPaths = (
			);
			name = "[CP] Copy Pods Resources";
			outputPaths = (
			);
			runOnlyForDeploymentPostprocessing = 0;
			shellPath = /bin/sh;
			shellScript = "\"${SRCROOT}/Pods/Target Support Files/Pods-WorkFlowTests/Pods-WorkFlowTests-resources.sh\"\n";
			showEnvVarsInLog = 0;
		};
		8FBAC6EB5E640FD049888731 /* [CP] Copy Pods Resources */ = {
			isa = PBXShellScriptBuildPhase;
			buildActionMask = 2147483647;
			files = (
			);
			inputPaths = (
			);
			name = "[CP] Copy Pods Resources";
			outputPaths = (
			);
			runOnlyForDeploymentPostprocessing = 0;
			shellPath = /bin/sh;
			shellScript = "\"${SRCROOT}/Pods/Target Support Files/Pods-WorkFlow/Pods-WorkFlow-resources.sh\"\n";
			showEnvVarsInLog = 0;
		};
		AD592CEA361E70D639D94BD0 /* [CP] Check Pods Manifest.lock */ = {
			isa = PBXShellScriptBuildPhase;
			buildActionMask = 2147483647;
			files = (
			);
			inputPaths = (
			);
			name = "[CP] Check Pods Manifest.lock";
			outputPaths = (
			);
			runOnlyForDeploymentPostprocessing = 0;
			shellPath = /bin/sh;
			shellScript = "diff \"${PODS_ROOT}/../Podfile.lock\" \"${PODS_ROOT}/Manifest.lock\" > /dev/null\nif [[ $? != 0 ]] ; then\n    cat << EOM\nerror: The sandbox is not in sync with the Podfile.lock. Run 'pod install' or update your CocoaPods installation.\nEOM\n    exit 1\nfi\n";
			showEnvVarsInLog = 0;
		};
		BA9BD70553DD5DECB984EB89 /* [CP] Embed Pods Frameworks */ = {
			isa = PBXShellScriptBuildPhase;
			buildActionMask = 2147483647;
			files = (
			);
			inputPaths = (
			);
			name = "[CP] Embed Pods Frameworks";
			outputPaths = (
			);
			runOnlyForDeploymentPostprocessing = 0;
			shellPath = /bin/sh;
			shellScript = "\"${SRCROOT}/Pods/Target Support Files/Pods-WorkFlow/Pods-WorkFlow-frameworks.sh\"\n";
			showEnvVarsInLog = 0;
		};
		D967B3F74066ADAF098A4012 /* [CP] Embed Pods Frameworks */ = {
			isa = PBXShellScriptBuildPhase;
			buildActionMask = 2147483647;
			files = (
			);
			inputPaths = (
			);
			name = "[CP] Embed Pods Frameworks";
			outputPaths = (
			);
			runOnlyForDeploymentPostprocessing = 0;
			shellPath = /bin/sh;
			shellScript = "\"${SRCROOT}/Pods/Target Support Files/Pods-WorkFlowTests/Pods-WorkFlowTests-frameworks.sh\"\n";
			showEnvVarsInLog = 0;
		};
		FF0F7B84FD40FF0FE77C6274 /* [CP] Check Pods Manifest.lock */ = {
			isa = PBXShellScriptBuildPhase;
			buildActionMask = 2147483647;
			files = (
			);
			inputPaths = (
			);
			name = "[CP] Check Pods Manifest.lock";
			outputPaths = (
			);
			runOnlyForDeploymentPostprocessing = 0;
			shellPath = /bin/sh;
			shellScript = "diff \"${PODS_ROOT}/../Podfile.lock\" \"${PODS_ROOT}/Manifest.lock\" > /dev/null\nif [[ $? != 0 ]] ; then\n    cat << EOM\nerror: The sandbox is not in sync with the Podfile.lock. Run 'pod install' or update your CocoaPods installation.\nEOM\n    exit 1\nfi\n";
			showEnvVarsInLog = 0;
		};
/* End PBXShellScriptBuildPhase section */

/* Begin PBXSourcesBuildPhase section */
		BA7B88511E5C119300F836D9 /* Sources */ = {
			isa = PBXSourcesBuildPhase;
			buildActionMask = 2147483647;
			files = (
				BA1397E01E5C37BB00DB3710 /* WorkFlowApi.swift in Sources */,
				BA1397E91E5CC45900DB3710 /* SSRadioButtonsController.swift in Sources */,
				BA1397DD1E5C331E00DB3710 /* LoginViewController.swift in Sources */,
				BA1397E21E5C3FA900DB3710 /* AlamofireManager.swift in Sources */,
				BA1397E61E5CC1BD00DB3710 /* WorkFlowModel.swift in Sources */,
				BA1397EA1E5CC45900DB3710 /* SSRadioButton.swift in Sources */,
				BA7B885B1E5C119300F836D9 /* CreateWorkFlowViewController.swift in Sources */,
				BA1397E41E5C4EDA00DB3710 /* Utility.swift in Sources */,
				BA7B88591E5C119300F836D9 /* AppDelegate.swift in Sources */,
				BA1397DB1E5C30F800DB3710 /* RegisterViewController.swift in Sources */,
				BA1397D91E5C2ACF00DB3710 /* WorkFlowListViewController.swift in Sources */,
			);
			runOnlyForDeploymentPostprocessing = 0;
		};
		BA7B88651E5C119400F836D9 /* Sources */ = {
			isa = PBXSourcesBuildPhase;
			buildActionMask = 2147483647;
			files = (
				BA7B886E1E5C119400F836D9 /* WorkFlowTests.swift in Sources */,
			);
			runOnlyForDeploymentPostprocessing = 0;
		};
		BA7B88701E5C119400F836D9 /* Sources */ = {
			isa = PBXSourcesBuildPhase;
			buildActionMask = 2147483647;
			files = (
				BA7B88791E5C119400F836D9 /* WorkFlowUITests.swift in Sources */,
			);
			runOnlyForDeploymentPostprocessing = 0;
		};
/* End PBXSourcesBuildPhase section */

/* Begin PBXTargetDependency section */
		BA7B886B1E5C119400F836D9 /* PBXTargetDependency */ = {
			isa = PBXTargetDependency;
			target = BA7B88541E5C119300F836D9 /* WorkFlow */;
			targetProxy = BA7B886A1E5C119400F836D9 /* PBXContainerItemProxy */;
		};
		BA7B88761E5C119400F836D9 /* PBXTargetDependency */ = {
			isa = PBXTargetDependency;
			target = BA7B88541E5C119300F836D9 /* WorkFlow */;
			targetProxy = BA7B88751E5C119400F836D9 /* PBXContainerItemProxy */;
		};
/* End PBXTargetDependency section */

/* Begin PBXVariantGroup section */
		BA7B885C1E5C119300F836D9 /* Main.storyboard */ = {
			isa = PBXVariantGroup;
			children = (
				BA7B885D1E5C119300F836D9 /* Base */,
			);
			name = Main.storyboard;
			sourceTree = "<group>";
		};
		BA7B88611E5C119300F836D9 /* LaunchScreen.storyboard */ = {
			isa = PBXVariantGroup;
			children = (
				BA7B88621E5C119300F836D9 /* Base */,
			);
			name = LaunchScreen.storyboard;
			sourceTree = "<group>";
		};
/* End PBXVariantGroup section */

/* Begin XCBuildConfiguration section */
		BA7B887B1E5C119400F836D9 /* Debug */ = {
			isa = XCBuildConfiguration;
			buildSettings = {
				ALWAYS_SEARCH_USER_PATHS = NO;
				CLANG_ANALYZER_NONNULL = YES;
				CLANG_CXX_LANGUAGE_STANDARD = "gnu++0x";
				CLANG_CXX_LIBRARY = "libc++";
				CLANG_ENABLE_MODULES = YES;
				CLANG_ENABLE_OBJC_ARC = YES;
				CLANG_WARN_BOOL_CONVERSION = YES;
				CLANG_WARN_CONSTANT_CONVERSION = YES;
				CLANG_WARN_DIRECT_OBJC_ISA_USAGE = YES_ERROR;
				CLANG_WARN_DOCUMENTATION_COMMENTS = YES;
				CLANG_WARN_EMPTY_BODY = YES;
				CLANG_WARN_ENUM_CONVERSION = YES;
				CLANG_WARN_INFINITE_RECURSION = YES;
				CLANG_WARN_INT_CONVERSION = YES;
				CLANG_WARN_OBJC_ROOT_CLASS = YES_ERROR;
				CLANG_WARN_SUSPICIOUS_MOVE = YES;
				CLANG_WARN_UNREACHABLE_CODE = YES;
				CLANG_WARN__DUPLICATE_METHOD_MATCH = YES;
				"CODE_SIGN_IDENTITY[sdk=iphoneos*]" = "iPhone Developer";
				COPY_PHASE_STRIP = NO;
				DEBUG_INFORMATION_FORMAT = dwarf;
				ENABLE_STRICT_OBJC_MSGSEND = YES;
				ENABLE_TESTABILITY = YES;
				GCC_C_LANGUAGE_STANDARD = gnu99;
				GCC_DYNAMIC_NO_PIC = NO;
				GCC_NO_COMMON_BLOCKS = YES;
				GCC_OPTIMIZATION_LEVEL = 0;
				GCC_PREPROCESSOR_DEFINITIONS = (
					"DEBUG=1",
					"$(inherited)",
				);
				GCC_WARN_64_TO_32_BIT_CONVERSION = YES;
				GCC_WARN_ABOUT_RETURN_TYPE = YES_ERROR;
				GCC_WARN_UNDECLARED_SELECTOR = YES;
				GCC_WARN_UNINITIALIZED_AUTOS = YES_AGGRESSIVE;
				GCC_WARN_UNUSED_FUNCTION = YES;
				GCC_WARN_UNUSED_VARIABLE = YES;
				IPHONEOS_DEPLOYMENT_TARGET = 10.2;
				MTL_ENABLE_DEBUG_INFO = YES;
				ONLY_ACTIVE_ARCH = YES;
				SDKROOT = iphoneos;
				SWIFT_ACTIVE_COMPILATION_CONDITIONS = DEBUG;
				SWIFT_OPTIMIZATION_LEVEL = "-Onone";
			};
			name = Debug;
		};
		BA7B887C1E5C119400F836D9 /* Release */ = {
			isa = XCBuildConfiguration;
			buildSettings = {
				ALWAYS_SEARCH_USER_PATHS = NO;
				CLANG_ANALYZER_NONNULL = YES;
				CLANG_CXX_LANGUAGE_STANDARD = "gnu++0x";
				CLANG_CXX_LIBRARY = "libc++";
				CLANG_ENABLE_MODULES = YES;
				CLANG_ENABLE_OBJC_ARC = YES;
				CLANG_WARN_BOOL_CONVERSION = YES;
				CLANG_WARN_CONSTANT_CONVERSION = YES;
				CLANG_WARN_DIRECT_OBJC_ISA_USAGE = YES_ERROR;
				CLANG_WARN_DOCUMENTATION_COMMENTS = YES;
				CLANG_WARN_EMPTY_BODY = YES;
				CLANG_WARN_ENUM_CONVERSION = YES;
				CLANG_WARN_INFINITE_RECURSION = YES;
				CLANG_WARN_INT_CONVERSION = YES;
				CLANG_WARN_OBJC_ROOT_CLASS = YES_ERROR;
				CLANG_WARN_SUSPICIOUS_MOVE = YES;
				CLANG_WARN_UNREACHABLE_CODE = YES;
				CLANG_WARN__DUPLICATE_METHOD_MATCH = YES;
				"CODE_SIGN_IDENTITY[sdk=iphoneos*]" = "iPhone Developer";
				COPY_PHASE_STRIP = NO;
				DEBUG_INFORMATION_FORMAT = "dwarf-with-dsym";
				ENABLE_NS_ASSERTIONS = NO;
				ENABLE_STRICT_OBJC_MSGSEND = YES;
				GCC_C_LANGUAGE_STANDARD = gnu99;
				GCC_NO_COMMON_BLOCKS = YES;
				GCC_WARN_64_TO_32_BIT_CONVERSION = YES;
				GCC_WARN_ABOUT_RETURN_TYPE = YES_ERROR;
				GCC_WARN_UNDECLARED_SELECTOR = YES;
				GCC_WARN_UNINITIALIZED_AUTOS = YES_AGGRESSIVE;
				GCC_WARN_UNUSED_FUNCTION = YES;
				GCC_WARN_UNUSED_VARIABLE = YES;
				IPHONEOS_DEPLOYMENT_TARGET = 10.2;
				MTL_ENABLE_DEBUG_INFO = NO;
				SDKROOT = iphoneos;
				SWIFT_OPTIMIZATION_LEVEL = "-Owholemodule";
				VALIDATE_PRODUCT = YES;
			};
			name = Release;
		};
		BA7B887E1E5C119400F836D9 /* Debug */ = {
			isa = XCBuildConfiguration;
			baseConfigurationReference = 8C1121FA35A955C6082AAE5C /* Pods-WorkFlow.debug.xcconfig */;
			buildSettings = {
				ASSETCATALOG_COMPILER_APPICON_NAME = AppIcon;
				INFOPLIST_FILE = WorkFlow/Info.plist;
				LD_RUNPATH_SEARCH_PATHS = "$(inherited) @executable_path/Frameworks";
				PRODUCT_BUNDLE_IDENTIFIER = com.tsg.WorkFlow;
				PRODUCT_NAME = "$(TARGET_NAME)";
				SWIFT_VERSION = 3.0;
			};
			name = Debug;
		};
		BA7B887F1E5C119400F836D9 /* Release */ = {
			isa = XCBuildConfiguration;
			baseConfigurationReference = F4990EDB5A99039D7D10946E /* Pods-WorkFlow.release.xcconfig */;
			buildSettings = {
				ASSETCATALOG_COMPILER_APPICON_NAME = AppIcon;
				INFOPLIST_FILE = WorkFlow/Info.plist;
				LD_RUNPATH_SEARCH_PATHS = "$(inherited) @executable_path/Frameworks";
				PRODUCT_BUNDLE_IDENTIFIER = com.tsg.WorkFlow;
				PRODUCT_NAME = "$(TARGET_NAME)";
				SWIFT_VERSION = 3.0;
			};
			name = Release;
		};
		BA7B88811E5C119400F836D9 /* Debug */ = {
			isa = XCBuildConfiguration;
			baseConfigurationReference = CDC27C6E9313A82204849702 /* Pods-WorkFlowTests.debug.xcconfig */;
			buildSettings = {
				ALWAYS_EMBED_SWIFT_STANDARD_LIBRARIES = YES;
				BUNDLE_LOADER = "$(TEST_HOST)";
				INFOPLIST_FILE = WorkFlowTests/Info.plist;
				LD_RUNPATH_SEARCH_PATHS = "$(inherited) @executable_path/Frameworks @loader_path/Frameworks";
				PRODUCT_BUNDLE_IDENTIFIER = com.tsg.WorkFlowTests;
				PRODUCT_NAME = "$(TARGET_NAME)";
				SWIFT_VERSION = 3.0;
				TEST_HOST = "$(BUILT_PRODUCTS_DIR)/WorkFlow.app/WorkFlow";
			};
			name = Debug;
		};
		BA7B88821E5C119400F836D9 /* Release */ = {
			isa = XCBuildConfiguration;
			baseConfigurationReference = 5937B1B6239024FC3BBEC66D /* Pods-WorkFlowTests.release.xcconfig */;
			buildSettings = {
				ALWAYS_EMBED_SWIFT_STANDARD_LIBRARIES = YES;
				BUNDLE_LOADER = "$(TEST_HOST)";
				INFOPLIST_FILE = WorkFlowTests/Info.plist;
				LD_RUNPATH_SEARCH_PATHS = "$(inherited) @executable_path/Frameworks @loader_path/Frameworks";
				PRODUCT_BUNDLE_IDENTIFIER = com.tsg.WorkFlowTests;
				PRODUCT_NAME = "$(TARGET_NAME)";
				SWIFT_VERSION = 3.0;
				TEST_HOST = "$(BUILT_PRODUCTS_DIR)/WorkFlow.app/WorkFlow";
			};
			name = Release;
		};
		BA7B88841E5C119400F836D9 /* Debug */ = {
			isa = XCBuildConfiguration;
			baseConfigurationReference = B0AD140B42E7F2FA20D39137 /* Pods-WorkFlowUITests.debug.xcconfig */;
			buildSettings = {
				ALWAYS_EMBED_SWIFT_STANDARD_LIBRARIES = YES;
				INFOPLIST_FILE = WorkFlowUITests/Info.plist;
				LD_RUNPATH_SEARCH_PATHS = "$(inherited) @executable_path/Frameworks @loader_path/Frameworks";
				PRODUCT_BUNDLE_IDENTIFIER = com.tsg.WorkFlowUITests;
				PRODUCT_NAME = "$(TARGET_NAME)";
				SWIFT_VERSION = 3.0;
				TEST_TARGET_NAME = WorkFlow;
			};
			name = Debug;
		};
		BA7B88851E5C119400F836D9 /* Release */ = {
			isa = XCBuildConfiguration;
			baseConfigurationReference = A9823E036770FD3062CBB2CA /* Pods-WorkFlowUITests.release.xcconfig */;
			buildSettings = {
				ALWAYS_EMBED_SWIFT_STANDARD_LIBRARIES = YES;
				INFOPLIST_FILE = WorkFlowUITests/Info.plist;
				LD_RUNPATH_SEARCH_PATHS = "$(inherited) @executable_path/Frameworks @loader_path/Frameworks";
				PRODUCT_BUNDLE_IDENTIFIER = com.tsg.WorkFlowUITests;
				PRODUCT_NAME = "$(TARGET_NAME)";
				SWIFT_VERSION = 3.0;
				TEST_TARGET_NAME = WorkFlow;
			};
			name = Release;
		};
/* End XCBuildConfiguration section */

/* Begin XCConfigurationList section */
		BA7B88501E5C119300F836D9 /* Build configuration list for PBXProject "WorkFlow" */ = {
			isa = XCConfigurationList;
			buildConfigurations = (
				BA7B887B1E5C119400F836D9 /* Debug */,
				BA7B887C1E5C119400F836D9 /* Release */,
			);
			defaultConfigurationIsVisible = 0;
			defaultConfigurationName = Release;
		};
		BA7B887D1E5C119400F836D9 /* Build configuration list for PBXNativeTarget "WorkFlow" */ = {
			isa = XCConfigurationList;
			buildConfigurations = (
				BA7B887E1E5C119400F836D9 /* Debug */,
				BA7B887F1E5C119400F836D9 /* Release */,
			);
			defaultConfigurationIsVisible = 0;
			defaultConfigurationName = Release;
		};
		BA7B88801E5C119400F836D9 /* Build configuration list for PBXNativeTarget "WorkFlowTests" */ = {
			isa = XCConfigurationList;
			buildConfigurations = (
				BA7B88811E5C119400F836D9 /* Debug */,
				BA7B88821E5C119400F836D9 /* Release */,
			);
			defaultConfigurationIsVisible = 0;
			defaultConfigurationName = Release;
		};
		BA7B88831E5C119400F836D9 /* Build configuration list for PBXNativeTarget "WorkFlowUITests" */ = {
			isa = XCConfigurationList;
			buildConfigurations = (
				BA7B88841E5C119400F836D9 /* Debug */,
				BA7B88851E5C119400F836D9 /* Release */,
			);
			defaultConfigurationIsVisible = 0;
			defaultConfigurationName = Release;
		};
/* End XCConfigurationList section */
	};
	rootObject = BA7B884D1E5C119300F836D9 /* Project object */;
}
